
Microsoft Visual Studio Solution File, Format Version 12.00
# Visual Studio Version 16
VisualStudioVersion = 16.0.31624.102
MinimumVisualStudioVersion = 10.0.40219.1
Project("{FAE04EC0-301F-11D3-BF4B-00C04F79EFBC}") = "datastructure", "datastructure.csproj", "{34A2E3C9-2469-4F8B-9237-C07B8EFD3F1B}"
EndProject
Global
	GlobalSection(SolutionConfigurationPlatforms) = preSolution
		Debug|Any CPU = Debug|Any CPU
		Release|Any CPU = Release|Any CPU
	EndGlobalSection
	GlobalSection(ProjectConfigurationPlatforms) = postSolution
		{34A2E3C9-2469-4F8B-9237-C07B8EFD3F1B}.Debug|Any CPU.ActiveCfg = Debug|Any CPU
		{34A2E3C9-2469-4F8B-9237-C07B8EFD3F1B}.Debug|Any CPU.Build.0 = Debug|Any CPU
		{34A2E3C9-2469-4F8B-9237-C07B8EFD3F1B}.Release|Any CPU.ActiveCfg = Release|Any CPU
		{34A2E3C9-2469-4F8B-9237-C07B8EFD3F1B}.Release|Any CPU.Build.0 = Release|Any CPU
	EndGlobalSection
	GlobalSection(SolutionProperties) = preSolution
		HideSolutionNode = FALSE
	EndGlobalSection
	GlobalSection(ExtensibilityGlobals) = postSolution
		SolutionGuid = {523B6B94-47B5-4E09-9050-0BD244BA4D90}
	EndGlobalSection
EndGlobal
